{
    "_readme": [
        "This file locks the dependencies of your project to a known state",
        "Read more about it at https://getcomposer.org/doc/01-basic-usage.md#composer-lock-the-lock-file",
        "This file is @generated automatically"
    ],
    "hash": "187d10dd79665d1eafdcb8dfcf831d16",
    "packages": [],
    "packages-dev": [
        {
            "name": "garth/Router",
            "version": "dev-feature/phparray",
            "source": {
                "type": "git",
                "url": "http://xgamers5g:Asdf*147@gitlab.xgamers5g.com/xgamers5g/garthrouter.git",
                "reference": "e03060aae39aa826c73343f578ac496eb09cd1ea"
            },
            "type": "library",
            "autoload": {
                "psr-4": {
                    "Router\\": "src/Router/"
                }
            },
            "authors": [
                {
                    "name": "garth",
                    "email": "xgamers5g@hotmail.com"
                }
            ],
            "description": "Garth Router For IoC/DI",
            "time": "2015-08-30 00:03:59"
        },
        {
            "name": "twig/twig",
            "version": "1.x-dev",
            "source": {
                "type": "git",
                "url": "https://github.com/twigphp/Twig.git",
                "reference": "825bdc1afcccdc88c2d641343f8df4fc5afe214d"
            },
            "dist": {
                "type": "zip",
                "url": "https://api.github.com/repos/twigphp/Twig/zipball/825bdc1afcccdc88c2d641343f8df4fc5afe214d",
                "reference": "825bdc1afcccdc88c2d641343f8df4fc5afe214d",
                "shasum": ""
            },
            "require": {
                "php": ">=5.2.7"
            },
            "require-dev": {
                "symfony/debug": "~2.7",
                "symfony/phpunit-bridge": "~2.7"
            },
            "type": "library",
            "extra": {
                "branch-alias": {
                    "dev-master": "1.21-dev"
                }
            },
            "autoload": {
                "psr-0": {
                    "Twig_": "lib/"
                }
            },
            "notification-url": "https://packagist.org/downloads/",
            "license": [
                "BSD-3-Clause"
            ],
            "authors": [
                {
                    "name": "Fabien Potencier",
                    "email": "fabien@symfony.com",
                    "homepage": "http://fabien.potencier.org",
                    "role": "Lead Developer"
                },
                {
                    "name": "Armin Ronacher",
                    "email": "armin.ronacher@active-4.com",
                    "role": "Project Founder"
                },
                {
                    "name": "Twig Team",
                    "homepage": "http://twig.sensiolabs.org/contributors",
                    "role": "Contributors"
                }
            ],
            "description": "Twig, the flexible, fast, and secure template language for PHP",
            "homepage": "http://twig.sensiolabs.org",
            "keywords": [
                "templating"
            ],
            "time": "2015-09-06 06:45:56"
        }
    ],
    "aliases": [],
    "minimum-stability": "stable",
    "stability-flags": {
        "garth/router": 20,
        "twig/twig": 20
    },
    "prefer-stable": false,
    "prefer-lowest": false,
    "platform": [],
    "platform-dev": []
}
